
Microsoft Visual Studio Solution File, Format Version 12.00
# Visual Studio Version 16
VisualStudioVersion = 16.0.30503.244
MinimumVisualStudioVersion = 10.0.40219.1
Project("{FAE04EC0-301F-11D3-BF4B-00C04F79EFBC}") = "AutoProperties", "AutoProperties\AutoProperties.csproj", "{99212832-43EB-45CC-A6B7-1BB0F9AE559D}"
EndProject
Global
	GlobalSection(SolutionConfigurationPlatforms) = preSolution
		Debug|Any CPU = Debug|Any CPU
		Release|Any CPU = Release|Any CPU
	EndGlobalSection
	GlobalSection(ProjectConfigurationPlatforms) = postSolution
		{99212832-43EB-45CC-A6B7-1BB0F9AE559D}.Debug|Any CPU.ActiveCfg = Debug|Any CPU
		{99212832-43EB-45CC-A6B7-1BB0F9AE559D}.Debug|Any CPU.Build.0 = Debug|Any CPU
		{99212832-43EB-45CC-A6B7-1BB0F9AE559D}.Release|Any CPU.ActiveCfg = Release|Any CPU
		{99212832-43EB-45CC-A6B7-1BB0F9AE559D}.Release|Any CPU.Build.0 = Release|Any CPU
	EndGlobalSection
	GlobalSection(SolutionProperties) = preSolution
		HideSolutionNode = FALSE
	EndGlobalSection
	GlobalSection(ExtensibilityGlobals) = postSolution
		SolutionGuid = {B9832035-ED2B-4747-B3AF-8658E5DF13BB}
	EndGlobalSection
EndGlobal
